
Microsoft Visual Studio Solution File, Format Version 12.00
# Visual Studio 2012
Project("{FAE04EC0-301F-11D3-BF4B-00C04F79EFBC}") = "BookKaro", "BookKaro\BookKaro.csproj", "{257204E3-4995-4759-9E09-4FAB3290CCCE}"
EndProject
Global
	GlobalSection(SolutionConfigurationPlatforms) = preSolution
		Debug|Any CPU = Debug|Any CPU
		Release|Any CPU = Release|Any CPU
	EndGlobalSection
	GlobalSection(ProjectConfigurationPlatforms) = postSolution
		{257204E3-4995-4759-9E09-4FAB3290CCCE}.Debug|Any CPU.ActiveCfg = Debug|Any CPU
		{257204E3-4995-4759-9E09-4FAB3290CCCE}.Debug|Any CPU.Build.0 = Debug|Any CPU
		{257204E3-4995-4759-9E09-4FAB3290CCCE}.Release|Any CPU.ActiveCfg = Release|Any CPU
		{257204E3-4995-4759-9E09-4FAB3290CCCE}.Release|Any CPU.Build.0 = Release|Any CPU
	EndGlobalSection
	GlobalSection(SolutionProperties) = preSolution
		HideSolutionNode = FALSE
	EndGlobalSection
EndGlobal
